{
  "version": 4,
  "terraform_version": "1.13.3",
  "serial": 7,
  "lineage": "4e41e996-40b7-9e36-442d-e61ded75a87c",
  "outputs": {},
  "resources": [
    {
      "mode": "managed",
      "type": "local_file",
      "name": "hello",
      "provider": "provider[\"registry.terraform.io/hashicorp/local\"]",
      "instances": [
        {
          "schema_version": 0,
          "attributes": {
            "content": "migration to v3",
            "content_base64": null,
            "content_base64sha256": "ict3J5DyDhaLeWwMJyUmypEe+joIUYMFVgjO5LpK0tw=",
            "content_base64sha512": "fYPrRoGShO2lAHJGki/kAroKlGPbYEP1TQ7ZPrW00oZXf1JKCeTSkR1sF+lA09CGE6x7dbN+PE9rCCM0DQXQVA==",
            "content_md5": "1f5d65ce95216c1b24f80c88f5b07578",
            "content_sha1": "caf7341b9c11a46702aaeb88b56585888fd90330",
            "content_sha256": "89cb772790f20e168b796c0c272526ca911efa3a085183055608cee4ba4ad2dc",
            "content_sha512": "7d83eb46819284eda5007246922fe402ba0a9463db6043f54d0ed93eb5b4d286577f524a09e4d2911d6c17e940d3d08613ac7b75b37e3c4f6b0823340d05d054",
            "directory_permission": "0777",
            "file_permission": "0777",
            "filename": "./hello.txt",
            "id": "caf7341b9c11a46702aaeb88b56585888fd90330",
            "sensitive_content": null,
            "source": null
          },
          "sensitive_attributes": [
            [
              {
                "type": "get_attr",
                "value": "sensitive_content"
              }
            ]
          ],
          "identity_schema_version": 0
        }
      ]
    }
  ],
  "check_results": null
}
